lockfileVersion: '9.0'

settings:
  autoInstallPeers: true
  excludeLinksFromLockfile: false

importers:

  .:
    dependencies:
      '@inklang/array':
        specifier: 0.1.0-14010562932.1
        version: 0.1.0-14010562932.1
      '@inklang/http':
        specifier: 0.1.0-14010562932.1
        version: 0.1.0-14010562932.1
      '@inklang/json':
        specifier: 0.1.0-14010562932.1
        version: 0.1.0-14010562932.1
      '@inklang/option':
        specifier: 0.1.0-14010562932.1
        version: 0.1.0-14010562932.1
      '@inklang/string':
        specifier: 0.1.0-14010562932.1
        version: 0.1.0-14010562932.1
      '@inklang/url':
        specifier: 0.1.0-14010562932.1
        version: 0.1.0-14010562932.1
    devDependencies:
      typescript:
        specifier: ^5.8.2
        version: 5.8.2

packages:

  '@inklang/array@0.1.0-14010562932.1':
    resolution: {integrity: sha512-F0tokSiHji3wHAaHNhxmxD/3uqsa3VbU+qnanlqOFSDHjW+bhAScbtHHLUlw0WNkvZBISxK63R5K+5shZZlHdQ==}

  '@inklang/http@0.1.0-14010562932.1':
    resolution: {integrity: sha512-dIaOLfiABjGTOx6JgqiJGhfSwyrMaWnulyCyVQrfUdaafR7fu9dKWaQOwF6SGasS+TVNedyuI6CxniH9zdu3VQ==}

  '@inklang/json@0.1.0-14010562932.1':
    resolution: {integrity: sha512-phZkMgSWXjDKgw9ZwIN7QkZB+UN8k2hBiY8j2NPyPMMPfAIURKuY0AoejiAymujokyngAEzxfKE/FagvOmzeZQ==}

  '@inklang/option@0.1.0-14010562932.1':
    resolution: {integrity: sha512-uFdMJCgg2Gwr7IwlEOAke/BYnyW4ErrvVssXoNFBaZK9GX81wNFNVF0c4ieXTM6Qc8iMA2VERLUJ31eUOaO0Ag==}

  '@inklang/string@0.1.0-14010562932.1':
    resolution: {integrity: sha512-XrLuuuhykKdUiUg5yy2T1ek39pT7LgAbGacIIgwvf5b4EA4L7XNKsPKRecl0hqwlKftyBGrsHoL4IniLDVB+9A==}

  '@inklang/url@0.1.0-14010562932.1':
    resolution: {integrity: sha512-20xWJXqgqQIuEyscszQk2o9JfLl54fKCJQEb9vvOiEpWh9ynvZLoMqBuKbngBxH//EcXHItgxwc0r1q5knEKAg==}

  typescript@5.8.2:
    resolution: {integrity: sha512-aJn6wq13/afZp/jT9QZmwEjDqqvSGp1VT5GVg+f/t6/oVyrgXM6BY1h9BRh/O5p3PlUPAe+WuiEZOmb/49RqoQ==}
    engines: {node: '>=14.17'}
    hasBin: true

snapshots:

  '@inklang/array@0.1.0-14010562932.1': {}

  '@inklang/http@0.1.0-14010562932.1': {}

  '@inklang/json@0.1.0-14010562932.1': {}

  '@inklang/option@0.1.0-14010562932.1': {}

  '@inklang/string@0.1.0-14010562932.1': {}

  '@inklang/url@0.1.0-14010562932.1': {}

  typescript@5.8.2: {}
